{
  "name": "boomerang-weixin-app",
  "version": "1.0.0",
  "lockfileVersion": 1,
  "requires": true,
  "dependencies": {
    "@vant/weapp": {
      "version": "1.6.8",
      "resolved": "https://registry.npmjs.org/@vant/weapp/-/weapp-1.6.8.tgz",
      "integrity": "sha512-CvRgAZdGUtJKEnd2wmjw3oaRYXBq/YqerFTmf19cTd3G9+vRR67nSXPMUNQEoPPSm7LZo6gF6Xk/5pYx4Q4C0Q=="
    },
    "js-base64": {
      "version": "2.6.4",
      "resolved": "https://registry.npmjs.org/js-base64/-/js-base64-2.6.4.tgz",
      "integrity": "sha512-pZe//GGmwJndub7ZghVHz7vjb2LgC1m8B07Au3eYqeqv9emhESByMXxaEgkUkEqJe87oBbSniGYoQNIBklc7IQ=="
    }
  }
}
